// !$*UTF8*$!
{
	archiveVersion = 1;
	classes = {
	};
	objectVersion = 46;
	objects = {

/* Begin PBXBuildFile section */
		4830EB08181C0A4E00EE25D9 /* PLPodcastCellView.xib in Resources */ = {isa = PBXBuildFile; fileRef = 4830EB07181C0A4E00EE25D9 /* PLPodcastCellView.xib */; };
		4830EB0B181C0B8300EE25D9 /* PLPodcastCell.m in Sources */ = {isa = PBXBuildFile; fileRef = 4830EB0A181C0B8300EE25D9 /* PLPodcastCell.m */; };
		4830EB0E181C138C00EE25D9 /* GDataXMLNode.m in Sources */ = {isa = PBXBuildFile; fileRef = 4830EB0D181C138C00EE25D9 /* GDataXMLNode.m */; settings = {COMPILER_FLAGS = "-fno-objc-arc"; }; };
		C618E6F31831051200DB62A8 /* navigation_background.png in Resources */ = {isa = PBXBuildFile; fileRef = C618E6F21831051200DB62A8 /* navigation_background.png */; };
		C618E6F51831051D00DB62A8 /* navigation_background@2x.png in Resources */ = {isa = PBXBuildFile; fileRef = C618E6F41831051D00DB62A8 /* navigation_background@2x.png */; };
		C62802721823EC5F001A2604 /* Reachability.m in Sources */ = {isa = PBXBuildFile; fileRef = C62802711823EC5F001A2604 /* Reachability.m */; };
		C62802741823ECBF001A2604 /* SystemConfiguration.framework in Frameworks */ = {isa = PBXBuildFile; fileRef = C62802731823ECBF001A2604 /* SystemConfiguration.framework */; };
		C666B7A5182F8D870096751D /* player_backGround.png in Resources */ = {isa = PBXBuildFile; fileRef = C666B7A4182F8D870096751D /* player_backGround.png */; };
		C666B7A7182F8D980096751D /* player_backGround@2x.png in Resources */ = {isa = PBXBuildFile; fileRef = C666B7A6182F8D980096751D /* player_backGround@2x.png */; };
		C67346F21826303D0066C6ED /* SDWebImage.framework in Frameworks */ = {isa = PBXBuildFile; fileRef = C67346F11826303D0066C6ED /* SDWebImage.framework */; };
		C67346F4182630B00066C6ED /* ImageIO.framework in Frameworks */ = {isa = PBXBuildFile; fileRef = C67346F3182630B00066C6ED /* ImageIO.framework */; };
		C6B0E934182F926500361427 /* controlls_buttons_backGround.png in Resources */ = {isa = PBXBuildFile; fileRef = C6B0E92F182F926500361427 /* controlls_buttons_backGround.png */; };
		C6B0E935182F926500361427 /* controlls_next_button.png in Resources */ = {isa = PBXBuildFile; fileRef = C6B0E930182F926500361427 /* controlls_next_button.png */; };
		C6B0E936182F926500361427 /* controlls_pause_button.png in Resources */ = {isa = PBXBuildFile; fileRef = C6B0E931182F926500361427 /* controlls_pause_button.png */; };
		C6B0E937182F926500361427 /* controlls_prev_button.png in Resources */ = {isa = PBXBuildFile; fileRef = C6B0E932182F926500361427 /* controlls_prev_button.png */; };
		C6B0E938182F926500361427 /* navigation_bar_back_button.png in Resources */ = {isa = PBXBuildFile; fileRef = C6B0E933182F926500361427 /* navigation_bar_back_button.png */; };
		C6B0E93E182F927F00361427 /* controlls_buttons_backGround@2x.png in Resources */ = {isa = PBXBuildFile; fileRef = C6B0E939182F927F00361427 /* controlls_buttons_backGround@2x.png */; };
		C6B0E93F182F927F00361427 /* controlls_next_button@2x.png in Resources */ = {isa = PBXBuildFile; fileRef = C6B0E93A182F927F00361427 /* controlls_next_button@2x.png */; };
		C6B0E940182F927F00361427 /* controlls_pause_button@2x.png in Resources */ = {isa = PBXBuildFile; fileRef = C6B0E93B182F927F00361427 /* controlls_pause_button@2x.png */; };
		C6B0E941182F927F00361427 /* controlls_prev_button@2x.png in Resources */ = {isa = PBXBuildFile; fileRef = C6B0E93C182F927F00361427 /* controlls_prev_button@2x.png */; };
		C6B0E942182F927F00361427 /* navigation_bar_back_button@2x.png in Resources */ = {isa = PBXBuildFile; fileRef = C6B0E93D182F927F00361427 /* navigation_bar_back_button@2x.png */; };
		C6CD75D3182F5AC0001B5870 /* PLPodcast.m in Sources */ = {isa = PBXBuildFile; fileRef = C6CD75D2182F5AC0001B5870 /* PLPodcast.m */; };
		C6CD75D9182F625E001B5870 /* PLPodcast+ParseResponse.m in Sources */ = {isa = PBXBuildFile; fileRef = C6CD75D8182F625E001B5870 /* PLPodcast+ParseResponse.m */; };
		C6D942D91812B5230069D294 /* UIKit.framework in Frameworks */ = {isa = PBXBuildFile; fileRef = C6D942D81812B5230069D294 /* UIKit.framework */; };
		C6D942DB1812B5230069D294 /* Foundation.framework in Frameworks */ = {isa = PBXBuildFile; fileRef = C6D942DA1812B5230069D294 /* Foundation.framework */; };
		C6D942DD1812B5230069D294 /* CoreGraphics.framework in Frameworks */ = {isa = PBXBuildFile; fileRef = C6D942DC1812B5230069D294 /* CoreGraphics.framework */; };
		C6D942E31812B5230069D294 /* InfoPlist.strings in Resources */ = {isa = PBXBuildFile; fileRef = C6D942E11812B5230069D294 /* InfoPlist.strings */; };
		C6D942E51812B5230069D294 /* main.m in Sources */ = {isa = PBXBuildFile; fileRef = C6D942E41812B5230069D294 /* main.m */; };
		C6D942E91812B5230069D294 /* PLAppDelegate.m in Sources */ = {isa = PBXBuildFile; fileRef = C6D942E81812B5230069D294 /* PLAppDelegate.m */; };
		C6D942EB1812B5230069D294 /* Default.png in Resources */ = {isa = PBXBuildFile; fileRef = C6D942EA1812B5230069D294 /* Default.png */; };
		C6D942ED1812B5230069D294 /* Default@2x.png in Resources */ = {isa = PBXBuildFile; fileRef = C6D942EC1812B5230069D294 /* Default@2x.png */; };
		C6D942EF1812B5230069D294 /* Default-568h@2x.png in Resources */ = {isa = PBXBuildFile; fileRef = C6D942EE1812B5230069D294 /* Default-568h@2x.png */; };
		C6D942F21812B5230069D294 /* PLListViewController.m in Sources */ = {isa = PBXBuildFile; fileRef = C6D942F11812B5230069D294 /* PLListViewController.m */; };
		C6D942F51812B5230069D294 /* PLListViewController.xib in Resources */ = {isa = PBXBuildFile; fileRef = C6D942F31812B5230069D294 /* PLListViewController.xib */; };
		C6D942FD1812B5230069D294 /* SenTestingKit.framework in Frameworks */ = {isa = PBXBuildFile; fileRef = C6D942FC1812B5230069D294 /* SenTestingKit.framework */; };
		C6D942FE1812B5230069D294 /* UIKit.framework in Frameworks */ = {isa = PBXBuildFile; fileRef = C6D942D81812B5230069D294 /* UIKit.framework */; };
		C6D942FF1812B5230069D294 /* Foundation.framework in Frameworks */ = {isa = PBXBuildFile; fileRef = C6D942DA1812B5230069D294 /* Foundation.framework */; };
		C6D943071812B5230069D294 /* InfoPlist.strings in Resources */ = {isa = PBXBuildFile; fileRef = C6D943051812B5230069D294 /* InfoPlist.strings */; };
		C6D9430A1812B5230069D294 /* PodcastListenerTests.m in Sources */ = {isa = PBXBuildFile; fileRef = C6D943091812B5230069D294 /* PodcastListenerTests.m */; };
		C6D943161812B5EB0069D294 /* PLDetailViewController.m in Sources */ = {isa = PBXBuildFile; fileRef = C6D943141812B5EB0069D294 /* PLDetailViewController.m */; };
		C6D943171812B5EB0069D294 /* PLDetailViewController.xib in Resources */ = {isa = PBXBuildFile; fileRef = C6D943151812B5EB0069D294 /* PLDetailViewController.xib */; };
		C6E02805181E641300A306A4 /* MBProgressHUD.m in Sources */ = {isa = PBXBuildFile; fileRef = C6E02804181E641300A306A4 /* MBProgressHUD.m */; };
/* End PBXBuildFile section */

/* Begin PBXContainerItemProxy section */
		C6D943001812B5230069D294 /* PBXContainerItemProxy */ = {
			isa = PBXContainerItemProxy;
			containerPortal = C6D942CD1812B5230069D294 /* Project object */;
			proxyType = 1;
			remoteGlobalIDString = C6D942D41812B5230069D294;
			remoteInfo = PodcastListener;
		};
/* End PBXContainerItemProxy section */

/* Begin PBXFileReference section */
		4830EB07181C0A4E00EE25D9 /* PLPodcastCellView.xib */ = {isa = PBXFileReference; fileEncoding = 4; lastKnownFileType = file.xib; path = PLPodcastCellView.xib; sourceTree = "<group>"; };
		4830EB09181C0B8300EE25D9 /* PLPodcastCell.h */ = {isa = PBXFileReference; fileEncoding = 4; lastKnownFileType = sourcecode.c.h; name = PLPodcastCell.h; path = PodcastListener/PLPodcastCell.h; sourceTree = "<group>"; };
		4830EB0A181C0B8300EE25D9 /* PLPodcastCell.m */ = {isa = PBXFileReference; fileEncoding = 4; lastKnownFileType = sourcecode.c.objc; name = PLPodcastCell.m; path = PodcastListener/PLPodcastCell.m; sourceTree = "<group>"; };
		4830EB0C181C138C00EE25D9 /* GDataXMLNode.h */ = {isa = PBXFileReference; fileEncoding = 4; lastKnownFileType = sourcecode.c.h; path = GDataXMLNode.h; sourceTree = "<group>"; };
		4830EB0D181C138C00EE25D9 /* GDataXMLNode.m */ = {isa = PBXFileReference; fileEncoding = 4; lastKnownFileType = sourcecode.c.objc; path = GDataXMLNode.m; sourceTree = "<group>"; };
		4830EB0F181C18DD00EE25D9 /* libxml2.dylib */ = {isa = PBXFileReference; lastKnownFileType = "compiled.mach-o.dylib"; name = libxml2.dylib; path = usr/lib/libxml2.dylib; sourceTree = SDKROOT; };
		C618E6F21831051200DB62A8 /* navigation_background.png */ = {isa = PBXFileReference; lastKnownFileType = image.png; path = navigation_background.png; sourceTree = "<group>"; };
		C618E6F41831051D00DB62A8 /* navigation_background@2x.png */ = {isa = PBXFileReference; lastKnownFileType = image.png; path = "navigation_background@2x.png"; sourceTree = "<group>"; };
		C62802701823EC5F001A2604 /* Reachability.h */ = {isa = PBXFileReference; fileEncoding = 4; lastKnownFileType = sourcecode.c.h; path = Reachability.h; sourceTree = "<group>"; };
		C62802711823EC5F001A2604 /* Reachability.m */ = {isa = PBXFileReference; fileEncoding = 4; lastKnownFileType = sourcecode.c.objc; path = Reachability.m; sourceTree = "<group>"; };
		C62802731823ECBF001A2604 /* SystemConfiguration.framework */ = {isa = PBXFileReference; lastKnownFileType = wrapper.framework; name = SystemConfiguration.framework; path = System/Library/Frameworks/SystemConfiguration.framework; sourceTree = SDKROOT; };
		C666B7A4182F8D870096751D /* player_backGround.png */ = {isa = PBXFileReference; lastKnownFileType = image.png; path = player_backGround.png; sourceTree = "<group>"; };
		C666B7A6182F8D980096751D /* player_backGround@2x.png */ = {isa = PBXFileReference; lastKnownFileType = image.png; path = "player_backGround@2x.png"; sourceTree = "<group>"; };
		C67346F11826303D0066C6ED /* SDWebImage.framework */ = {isa = PBXFileReference; lastKnownFileType = wrapper.framework; path = SDWebImage.framework; sourceTree = "<group>"; };
		C67346F3182630B00066C6ED /* ImageIO.framework */ = {isa = PBXFileReference; lastKnownFileType = wrapper.framework; name = ImageIO.framework; path = System/Library/Frameworks/ImageIO.framework; sourceTree = SDKROOT; };
		C6B0E92F182F926500361427 /* controlls_buttons_backGround.png */ = {isa = PBXFileReference; lastKnownFileType = image.png; path = controlls_buttons_backGround.png; sourceTree = "<group>"; };
		C6B0E930182F926500361427 /* controlls_next_button.png */ = {isa = PBXFileReference; lastKnownFileType = image.png; path = controlls_next_button.png; sourceTree = "<group>"; };
		C6B0E931182F926500361427 /* controlls_pause_button.png */ = {isa = PBXFileReference; lastKnownFileType = image.png; path = controlls_pause_button.png; sourceTree = "<group>"; };
		C6B0E932182F926500361427 /* controlls_prev_button.png */ = {isa = PBXFileReference; lastKnownFileType = image.png; path = controlls_prev_button.png; sourceTree = "<group>"; };
		C6B0E933182F926500361427 /* navigation_bar_back_button.png */ = {isa = PBXFileReference; lastKnownFileType = image.png; path = navigation_bar_back_button.png; sourceTree = "<group>"; };
		C6B0E939182F927F00361427 /* controlls_buttons_backGround@2x.png */ = {isa = PBXFileReference; lastKnownFileType = image.png; path = "controlls_buttons_backGround@2x.png"; sourceTree = "<group>"; };
		C6B0E93A182F927F00361427 /* controlls_next_button@2x.png */ = {isa = PBXFileReference; lastKnownFileType = image.png; path = "controlls_next_button@2x.png"; sourceTree = "<group>"; };
		C6B0E93B182F927F00361427 /* controlls_pause_button@2x.png */ = {isa = PBXFileReference; lastKnownFileType = image.png; path = "controlls_pause_button@2x.png"; sourceTree = "<group>"; };
		C6B0E93C182F927F00361427 /* controlls_prev_button@2x.png */ = {isa = PBXFileReference; lastKnownFileType = image.png; path = "controlls_prev_button@2x.png"; sourceTree = "<group>"; };
		C6B0E93D182F927F00361427 /* navigation_bar_back_button@2x.png */ = {isa = PBXFileReference; lastKnownFileType = image.png; path = "navigation_bar_back_button@2x.png"; sourceTree = "<group>"; };
		C6CD75D1182F5AC0001B5870 /* PLPodcast.h */ = {isa = PBXFileReference; fileEncoding = 4; lastKnownFileType = sourcecode.c.h; path = PLPodcast.h; sourceTree = "<group>"; };
		C6CD75D2182F5AC0001B5870 /* PLPodcast.m */ = {isa = PBXFileReference; fileEncoding = 4; lastKnownFileType = sourcecode.c.objc; path = PLPodcast.m; sourceTree = "<group>"; };
		C6CD75D7182F625E001B5870 /* PLPodcast+ParseResponse.h */ = {isa = PBXFileReference; fileEncoding = 4; lastKnownFileType = sourcecode.c.h; path = "PLPodcast+ParseResponse.h"; sourceTree = "<group>"; };
		C6CD75D8182F625E001B5870 /* PLPodcast+ParseResponse.m */ = {isa = PBXFileReference; fileEncoding = 4; lastKnownFileType = sourcecode.c.objc; path = "PLPodcast+ParseResponse.m"; sourceTree = "<group>"; };
		C6D942D51812B5230069D294 /* PodcastListener.app */ = {isa = PBXFileReference; explicitFileType = wrapper.application; includeInIndex = 0; path = PodcastListener.app; sourceTree = BUILT_PRODUCTS_DIR; };
		C6D942D81812B5230069D294 /* UIKit.framework */ = {isa = PBXFileReference; lastKnownFileType = wrapper.framework; name = UIKit.framework; path = System/Library/Frameworks/UIKit.framework; sourceTree = SDKROOT; };
		C6D942DA1812B5230069D294 /* Foundation.framework */ = {isa = PBXFileReference; lastKnownFileType = wrapper.framework; name = Foundation.framework; path = System/Library/Frameworks/Foundation.framework; sourceTree = SDKROOT; };
		C6D942DC1812B5230069D294 /* CoreGraphics.framework */ = {isa = PBXFileReference; lastKnownFileType = wrapper.framework; name = CoreGraphics.framework; path = System/Library/Frameworks/CoreGraphics.framework; sourceTree = SDKROOT; };
		C6D942E01812B5230069D294 /* PodcastListener-Info.plist */ = {isa = PBXFileReference; lastKnownFileType = text.plist.xml; path = "PodcastListener-Info.plist"; sourceTree = "<group>"; };
		C6D942E21812B5230069D294 /* en */ = {isa = PBXFileReference; lastKnownFileType = text.plist.strings; name = en; path = en.lproj/InfoPlist.strings; sourceTree = "<group>"; };
		C6D942E41812B5230069D294 /* main.m */ = {isa = PBXFileReference; lastKnownFileType = sourcecode.c.objc; path = main.m; sourceTree = "<group>"; };
		C6D942E61812B5230069D294 /* PodcastListener-Prefix.pch */ = {isa = PBXFileReference; lastKnownFileType = sourcecode.c.h; path = "PodcastListener-Prefix.pch"; sourceTree = "<group>"; };
		C6D942E71812B5230069D294 /* PLAppDelegate.h */ = {isa = PBXFileReference; lastKnownFileType = sourcecode.c.h; path = PLAppDelegate.h; sourceTree = "<group>"; };
		C6D942E81812B5230069D294 /* PLAppDelegate.m */ = {isa = PBXFileReference; lastKnownFileType = sourcecode.c.objc; path = PLAppDelegate.m; sourceTree = "<group>"; };
		C6D942EA1812B5230069D294 /* Default.png */ = {isa = PBXFileReference; lastKnownFileType = image.png; path = Default.png; sourceTree = "<group>"; };
		C6D942EC1812B5230069D294 /* Default@2x.png */ = {isa = PBXFileReference; lastKnownFileType = image.png; path = "Default@2x.png"; sourceTree = "<group>"; };
		C6D942EE1812B5230069D294 /* Default-568h@2x.png */ = {isa = PBXFileReference; lastKnownFileType = image.png; path = "Default-568h@2x.png"; sourceTree = "<group>"; };
		C6D942F01812B5230069D294 /* PLListViewController.h */ = {isa = PBXFileReference; lastKnownFileType = sourcecode.c.h; path = PLListViewController.h; sourceTree = "<group>"; };
		C6D942F11812B5230069D294 /* PLListViewController.m */ = {isa = PBXFileReference; lastKnownFileType = sourcecode.c.objc; path = PLListViewController.m; sourceTree = "<group>"; };
		C6D942F41812B5230069D294 /* en */ = {isa = PBXFileReference; lastKnownFileType = file.xib; name = en; path = en.lproj/PLListViewController.xib; sourceTree = "<group>"; };
		C6D942FB1812B5230069D294 /* PodcastListenerTests.octest */ = {isa = PBXFileReference; explicitFileType = wrapper.cfbundle; includeInIndex = 0; path = PodcastListenerTests.octest; sourceTree = BUILT_PRODUCTS_DIR; };
		C6D942FC1812B5230069D294 /* SenTestingKit.framework */ = {isa = PBXFileReference; lastKnownFileType = wrapper.framework; name = SenTestingKit.framework; path = Library/Frameworks/SenTestingKit.framework; sourceTree = DEVELOPER_DIR; };
		C6D943041812B5230069D294 /* PodcastListenerTests-Info.plist */ = {isa = PBXFileReference; lastKnownFileType = text.plist.xml; path = "PodcastListenerTests-Info.plist"; sourceTree = "<group>"; };
		C6D943061812B5230069D294 /* en */ = {isa = PBXFileReference; lastKnownFileType = text.plist.strings; name = en; path = en.lproj/InfoPlist.strings; sourceTree = "<group>"; };
		C6D943081812B5230069D294 /* PodcastListenerTests.h */ = {isa = PBXFileReference; lastKnownFileType = sourcecode.c.h; path = PodcastListenerTests.h; sourceTree = "<group>"; };
		C6D943091812B5230069D294 /* PodcastListenerTests.m */ = {isa = PBXFileReference; lastKnownFileType = sourcecode.c.objc; path = PodcastListenerTests.m; sourceTree = "<group>"; };
		C6D943131812B5EB0069D294 /* PLDetailViewController.h */ = {isa = PBXFileReference; fileEncoding = 4; lastKnownFileType = sourcecode.c.h; path = PLDetailViewController.h; sourceTree = "<group>"; };
		C6D943141812B5EB0069D294 /* PLDetailViewController.m */ = {isa = PBXFileReference; fileEncoding = 4; lastKnownFileType = sourcecode.c.objc; path = PLDetailViewController.m; sourceTree = "<group>"; };
		C6D943151812B5EB0069D294 /* PLDetailViewController.xib */ = {isa = PBXFileReference; fileEncoding = 4; lastKnownFileType = file.xib; path = PLDetailViewController.xib; sourceTree = "<group>"; };
		C6E02803181E641300A306A4 /* MBProgressHUD.h */ = {isa = PBXFileReference; fileEncoding = 4; lastKnownFileType = sourcecode.c.h; path = MBProgressHUD.h; sourceTree = "<group>"; };
		C6E02804181E641300A306A4 /* MBProgressHUD.m */ = {isa = PBXFileReference; fileEncoding = 4; lastKnownFileType = sourcecode.c.objc; path = MBProgressHUD.m; sourceTree = "<group>"; };
/* End PBXFileReference section */

/* Begin PBXFrameworksBuildPhase section */
		C6D942D21812B5230069D294 /* Frameworks */ = {
			isa = PBXFrameworksBuildPhase;
			buildActionMask = 2147483647;
			files = (
				C67346F4182630B00066C6ED /* ImageIO.framework in Frameworks */,
				C62802741823ECBF001A2604 /* SystemConfiguration.framework in Frameworks */,
				C6D942D91812B5230069D294 /* UIKit.framework in Frameworks */,
				C6D942DB1812B5230069D294 /* Foundation.framework in Frameworks */,
				C6D942DD1812B5230069D294 /* CoreGraphics.framework in Frameworks */,
				C67346F21826303D0066C6ED /* SDWebImage.framework in Frameworks */,
			);
			runOnlyForDeploymentPostprocessing = 0;
		};
		C6D942F71812B5230069D294 /* Frameworks */ = {
			isa = PBXFrameworksBuildPhase;
			buildActionMask = 2147483647;
			files = (
				C6D942FD1812B5230069D294 /* SenTestingKit.framework in Frameworks */,
				C6D942FE1812B5230069D294 /* UIKit.framework in Frameworks */,
				C6D942FF1812B5230069D294 /* Foundation.framework in Frameworks */,
			);
			runOnlyForDeploymentPostprocessing = 0;
		};
/* End PBXFrameworksBuildPhase section */

/* Begin PBXGroup section */
		C666B7A3182F8D650096751D /* resources */ = {
			isa = PBXGroup;
			children = (
				C618E6F41831051D00DB62A8 /* navigation_background@2x.png */,
				C618E6F21831051200DB62A8 /* navigation_background.png */,
				C6B0E939182F927F00361427 /* controlls_buttons_backGround@2x.png */,
				C6B0E93A182F927F00361427 /* controlls_next_button@2x.png */,
				C6B0E93B182F927F00361427 /* controlls_pause_button@2x.png */,
				C6B0E93C182F927F00361427 /* controlls_prev_button@2x.png */,
				C6B0E93D182F927F00361427 /* navigation_bar_back_button@2x.png */,
				C6B0E92F182F926500361427 /* controlls_buttons_backGround.png */,
				C6B0E930182F926500361427 /* controlls_next_button.png */,
				C6B0E931182F926500361427 /* controlls_pause_button.png */,
				C6B0E932182F926500361427 /* controlls_prev_button.png */,
				C6B0E933182F926500361427 /* navigation_bar_back_button.png */,
				C666B7A6182F8D980096751D /* player_backGround@2x.png */,
				C666B7A4182F8D870096751D /* player_backGround.png */,
			);
			name = resources;
			sourceTree = "<group>";
		};
		C6CD75D0182F5A7B001B5870 /* Models */ = {
			isa = PBXGroup;
			children = (
				C6CD75D1182F5AC0001B5870 /* PLPodcast.h */,
				C6CD75D2182F5AC0001B5870 /* PLPodcast.m */,
			);
			name = Models;
			sourceTree = "<group>";
		};
		C6D942CC1812B5230069D294 = {
			isa = PBXGroup;
			children = (
				C67346F3182630B00066C6ED /* ImageIO.framework */,
				C67346F11826303D0066C6ED /* SDWebImage.framework */,
				C62802731823ECBF001A2604 /* SystemConfiguration.framework */,
				4830EB0F181C18DD00EE25D9 /* libxml2.dylib */,
				4830EB09181C0B8300EE25D9 /* PLPodcastCell.h */,
				4830EB0A181C0B8300EE25D9 /* PLPodcastCell.m */,
				4830EB07181C0A4E00EE25D9 /* PLPodcastCellView.xib */,
				C6D942DE1812B5230069D294 /* PodcastListener */,
				C6D943021812B5230069D294 /* PodcastListenerTests */,
				C6D942D71812B5230069D294 /* Frameworks */,
				C6D942D61812B5230069D294 /* Products */,
			);
			sourceTree = "<group>";
		};
		C6D942D61812B5230069D294 /* Products */ = {
			isa = PBXGroup;
			children = (
				C6D942D51812B5230069D294 /* PodcastListener.app */,
				C6D942FB1812B5230069D294 /* PodcastListenerTests.octest */,
			);
			name = Products;
			sourceTree = "<group>";
		};
		C6D942D71812B5230069D294 /* Frameworks */ = {
			isa = PBXGroup;
			children = (
				C6D942D81812B5230069D294 /* UIKit.framework */,
				C6D942DA1812B5230069D294 /* Foundation.framework */,
				C6D942DC1812B5230069D294 /* CoreGraphics.framework */,
				C6D942FC1812B5230069D294 /* SenTestingKit.framework */,
			);
			name = Frameworks;
			sourceTree = "<group>";
		};
		C6D942DE1812B5230069D294 /* PodcastListener */ = {
			isa = PBXGroup;
			children = (
				C666B7A3182F8D650096751D /* resources */,
				C6CD75D0182F5A7B001B5870 /* Models */,
				C62802701823EC5F001A2604 /* Reachability.h */,
				C62802711823EC5F001A2604 /* Reachability.m */,
				C6E02803181E641300A306A4 /* MBProgressHUD.h */,
				C6E02804181E641300A306A4 /* MBProgressHUD.m */,
				4830EB0C181C138C00EE25D9 /* GDataXMLNode.h */,
				4830EB0D181C138C00EE25D9 /* GDataXMLNode.m */,
				C6D942E71812B5230069D294 /* PLAppDelegate.h */,
				C6D942E81812B5230069D294 /* PLAppDelegate.m */,
				C6D942F01812B5230069D294 /* PLListViewController.h */,
				C6D942F11812B5230069D294 /* PLListViewController.m */,
				C6D942F31812B5230069D294 /* PLListViewController.xib */,
				C6D942DF1812B5230069D294 /* Supporting Files */,
				C6D943131812B5EB0069D294 /* PLDetailViewController.h */,
				C6D943141812B5EB0069D294 /* PLDetailViewController.m */,
				C6D943151812B5EB0069D294 /* PLDetailViewController.xib */,
				C6CD75D7182F625E001B5870 /* PLPodcast+ParseResponse.h */,
				C6CD75D8182F625E001B5870 /* PLPodcast+ParseResponse.m */,
			);
			path = PodcastListener;
			sourceTree = "<group>";
		};
		C6D942DF1812B5230069D294 /* Supporting Files */ = {
			isa = PBXGroup;
			children = (
				C6D942E01812B5230069D294 /* PodcastListener-Info.plist */,
				C6D942E11812B5230069D294 /* InfoPlist.strings */,
				C6D942E41812B5230069D294 /* main.m */,
				C6D942E61812B5230069D294 /* PodcastListener-Prefix.pch */,
				C6D942EA1812B5230069D294 /* Default.png */,
				C6D942EC1812B5230069D294 /* Default@2x.png */,
				C6D942EE1812B5230069D294 /* Default-568h@2x.png */,
			);
			name = "Supporting Files";
			sourceTree = "<group>";
		};
		C6D943021812B5230069D294 /* PodcastListenerTests */ = {
			isa = PBXGroup;
			children = (
				C6D943081812B5230069D294 /* PodcastListenerTests.h */,
				C6D943091812B5230069D294 /* PodcastListenerTests.m */,
				C6D943031812B5230069D294 /* Supporting Files */,
			);
			path = PodcastListenerTests;
			sourceTree = "<group>";
		};
		C6D943031812B5230069D294 /* Supporting Files */ = {
			isa = PBXGroup;
			children = (
				C6D943041812B5230069D294 /* PodcastListenerTests-Info.plist */,
				C6D943051812B5230069D294 /* InfoPlist.strings */,
			);
			name = "Supporting Files";
			sourceTree = "<group>";
		};
/* End PBXGroup section */

/* Begin PBXNativeTarget section */
		C6D942D41812B5230069D294 /* PodcastListener */ = {
			isa = PBXNativeTarget;
			buildConfigurationList = C6D9430D1812B5230069D294 /* Build configuration list for PBXNativeTarget "PodcastListener" */;
			buildPhases = (
				C6D942D11812B5230069D294 /* Sources */,
				C6D942D21812B5230069D294 /* Frameworks */,
				C6D942D31812B5230069D294 /* Resources */,
			);
			buildRules = (
			);
			dependencies = (
			);
			name = PodcastListener;
			productName = PodcastListener;
			productReference = C6D942D51812B5230069D294 /* PodcastListener.app */;
			productType = "com.apple.product-type.application";
		};
		C6D942FA1812B5230069D294 /* PodcastListenerTests */ = {
			isa = PBXNativeTarget;
			buildConfigurationList = C6D943101812B5230069D294 /* Build configuration list for PBXNativeTarget "PodcastListenerTests" */;
			buildPhases = (
				C6D942F61812B5230069D294 /* Sources */,
				C6D942F71812B5230069D294 /* Frameworks */,
				C6D942F81812B5230069D294 /* Resources */,
				C6D942F91812B5230069D294 /* ShellScript */,
			);
			buildRules = (
			);
			dependencies = (
				C6D943011812B5230069D294 /* PBXTargetDependency */,
			);
			name = PodcastListenerTests;
			productName = PodcastListenerTests;
			productReference = C6D942FB1812B5230069D294 /* PodcastListenerTests.octest */;
			productType = "com.apple.product-type.bundle";
		};
/* End PBXNativeTarget section */

/* Begin PBXProject section */
		C6D942CD1812B5230069D294 /* Project object */ = {
			isa = PBXProject;
			attributes = {
				CLASSPREFIX = PL;
				LastUpgradeCheck = 0460;
				ORGANIZATIONNAME = Misha;
			};
			buildConfigurationList = C6D942D01812B5230069D294 /* Build configuration list for PBXProject "PodcastListener" */;
			compatibilityVersion = "Xcode 3.2";
			developmentRegion = English;
			hasScannedForEncodings = 0;
			knownRegions = (
				en,
			);
			mainGroup = C6D942CC1812B5230069D294;
			productRefGroup = C6D942D61812B5230069D294 /* Products */;
			projectDirPath = "";
			projectRoot = "";
			targets = (
				C6D942D41812B5230069D294 /* PodcastListener */,
				C6D942FA1812B5230069D294 /* PodcastListenerTests */,
			);
		};
/* End PBXProject section */

/* Begin PBXResourcesBuildPhase section */
		C6D942D31812B5230069D294 /* Resources */ = {
			isa = PBXResourcesBuildPhase;
			buildActionMask = 2147483647;
			files = (
				C6D942E31812B5230069D294 /* InfoPlist.strings in Resources */,
				C6D942EB1812B5230069D294 /* Default.png in Resources */,
				C6D942ED1812B5230069D294 /* Default@2x.png in Resources */,
				C6D942EF1812B5230069D294 /* Default-568h@2x.png in Resources */,
				C6D942F51812B5230069D294 /* PLListViewController.xib in Resources */,
				C6D943171812B5EB0069D294 /* PLDetailViewController.xib in Resources */,
				4830EB08181C0A4E00EE25D9 /* PLPodcastCellView.xib in Resources */,
				C666B7A5182F8D870096751D /* player_backGround.png in Resources */,
				C666B7A7182F8D980096751D /* player_backGround@2x.png in Resources */,
				C6B0E934182F926500361427 /* controlls_buttons_backGround.png in Resources */,
				C6B0E935182F926500361427 /* controlls_next_button.png in Resources */,
				C6B0E936182F926500361427 /* controlls_pause_button.png in Resources */,
				C6B0E937182F926500361427 /* controlls_prev_button.png in Resources */,
				C6B0E938182F926500361427 /* navigation_bar_back_button.png in Resources */,
				C6B0E93E182F927F00361427 /* controlls_buttons_backGround@2x.png in Resources */,
				C6B0E93F182F927F00361427 /* controlls_next_button@2x.png in Resources */,
				C6B0E940182F927F00361427 /* controlls_pause_button@2x.png in Resources */,
				C6B0E941182F927F00361427 /* controlls_prev_button@2x.png in Resources */,
				C6B0E942182F927F00361427 /* navigation_bar_back_button@2x.png in Resources */,
				C618E6F31831051200DB62A8 /* navigation_background.png in Resources */,
				C618E6F51831051D00DB62A8 /* navigation_background@2x.png in Resources */,
			);
			runOnlyForDeploymentPostprocessing = 0;
		};
		C6D942F81812B5230069D294 /* Resources */ = {
			isa = PBXResourcesBuildPhase;
			buildActionMask = 2147483647;
			files = (
				C6D943071812B5230069D294 /* InfoPlist.strings in Resources */,
			);
			runOnlyForDeploymentPostprocessing = 0;
		};
/* End PBXResourcesBuildPhase section */

/* Begin PBXShellScriptBuildPhase section */
		C6D942F91812B5230069D294 /* ShellScript */ = {
			isa = PBXShellScriptBuildPhase;
			buildActionMask = 2147483647;
			files = (
			);
			inputPaths = (
			);
			outputPaths = (
			);
			runOnlyForDeploymentPostprocessing = 0;
			shellPath = /bin/sh;
			shellScript = "# Run the unit tests in this test bundle.\n\"${SYSTEM_DEVELOPER_DIR}/Tools/RunUnitTests\"\n";
		};
/* End PBXShellScriptBuildPhase section */

/* Begin PBXSourcesBuildPhase section */
		C6D942D11812B5230069D294 /* Sources */ = {
			isa = PBXSourcesBuildPhase;
			buildActionMask = 2147483647;
			files = (
				C6D942E51812B5230069D294 /* main.m in Sources */,
				C6D942E91812B5230069D294 /* PLAppDelegate.m in Sources */,
				C6D942F21812B5230069D294 /* PLListViewController.m in Sources */,
				C6D943161812B5EB0069D294 /* PLDetailViewController.m in Sources */,
				4830EB0B181C0B8300EE25D9 /* PLPodcastCell.m in Sources */,
				4830EB0E181C138C00EE25D9 /* GDataXMLNode.m in Sources */,
				C6E02805181E641300A306A4 /* MBProgressHUD.m in Sources */,
				C62802721823EC5F001A2604 /* Reachability.m in Sources */,
				C6CD75D3182F5AC0001B5870 /* PLPodcast.m in Sources */,
				C6CD75D9182F625E001B5870 /* PLPodcast+ParseResponse.m in Sources */,
			);
			runOnlyForDeploymentPostprocessing = 0;
		};
		C6D942F61812B5230069D294 /* Sources */ = {
			isa = PBXSourcesBuildPhase;
			buildActionMask = 2147483647;
			files = (
				C6D9430A1812B5230069D294 /* PodcastListenerTests.m in Sources */,
			);
			runOnlyForDeploymentPostprocessing = 0;
		};
/* End PBXSourcesBuildPhase section */

/* Begin PBXTargetDependency section */
		C6D943011812B5230069D294 /* PBXTargetDependency */ = {
			isa = PBXTargetDependency;
			target = C6D942D41812B5230069D294 /* PodcastListener */;
			targetProxy = C6D943001812B5230069D294 /* PBXContainerItemProxy */;
		};
/* End PBXTargetDependency section */

/* Begin PBXVariantGroup section */
		C6D942E11812B5230069D294 /* InfoPlist.strings */ = {
			isa = PBXVariantGroup;
			children = (
				C6D942E21812B5230069D294 /* en */,
			);
			name = InfoPlist.strings;
			sourceTree = "<group>";
		};
		C6D942F31812B5230069D294 /* PLListViewController.xib */ = {
			isa = PBXVariantGroup;
			children = (
				C6D942F41812B5230069D294 /* en */,
			);
			name = PLListViewController.xib;
			sourceTree = "<group>";
		};
		C6D943051812B5230069D294 /* InfoPlist.strings */ = {
			isa = PBXVariantGroup;
			children = (
				C6D943061812B5230069D294 /* en */,
			);
			name = InfoPlist.strings;
			sourceTree = "<group>";
		};
/* End PBXVariantGroup section */

/* Begin XCBuildConfiguration section */
		C6D9430B1812B5230069D294 /* Debug */ = {
			isa = XCBuildConfiguration;
			buildSettings = {
				ALWAYS_SEARCH_USER_PATHS = NO;
				CLANG_CXX_LANGUAGE_STANDARD = "gnu++0x";
				CLANG_CXX_LIBRARY = "libc++";
				CLANG_ENABLE_OBJC_ARC = YES;
				CLANG_WARN_CONSTANT_CONVERSION = YES;
				CLANG_WARN_EMPTY_BODY = YES;
				CLANG_WARN_ENUM_CONVERSION = YES;
				CLANG_WARN_INT_CONVERSION = YES;
				CLANG_WARN__DUPLICATE_METHOD_MATCH = YES;
				"CODE_SIGN_IDENTITY[sdk=iphoneos*]" = "iPhone Developer";
				COPY_PHASE_STRIP = NO;
				GCC_C_LANGUAGE_STANDARD = gnu99;
				GCC_DYNAMIC_NO_PIC = NO;
				GCC_OPTIMIZATION_LEVEL = 0;
				GCC_PREPROCESSOR_DEFINITIONS = (
					"DEBUG=1",
					"$(inherited)",
				);
				GCC_SYMBOLS_PRIVATE_EXTERN = NO;
				GCC_WARN_ABOUT_RETURN_TYPE = YES;
				GCC_WARN_UNINITIALIZED_AUTOS = YES;
				GCC_WARN_UNUSED_VARIABLE = YES;
				HEADER_SEARCH_PATHS = /usr/include/libxml2;
				"HEADER_SEARCH_PATHS[arch=*]" = /usr/include/libxml2;
				IPHONEOS_DEPLOYMENT_TARGET = 6.1;
				New_Setting = "";
				ONLY_ACTIVE_ARCH = YES;
				OTHER_LDFLAGS = "-lxml2";
				SDKROOT = iphoneos;
			};
			name = Debug;
		};
		C6D9430C1812B5230069D294 /* Release */ = {
			isa = XCBuildConfiguration;
			buildSettings = {
				ALWAYS_SEARCH_USER_PATHS = NO;
				CLANG_CXX_LANGUAGE_STANDARD = "gnu++0x";
				CLANG_CXX_LIBRARY = "libc++";
				CLANG_ENABLE_OBJC_ARC = YES;
				CLANG_WARN_CONSTANT_CONVERSION = YES;
				CLANG_WARN_EMPTY_BODY = YES;
				CLANG_WARN_ENUM_CONVERSION = YES;
				CLANG_WARN_INT_CONVERSION = YES;
				CLANG_WARN__DUPLICATE_METHOD_MATCH = YES;
				"CODE_SIGN_IDENTITY[sdk=iphoneos*]" = "iPhone Developer";
				COPY_PHASE_STRIP = YES;
				GCC_C_LANGUAGE_STANDARD = gnu99;
				GCC_WARN_ABOUT_RETURN_TYPE = YES;
				GCC_WARN_UNINITIALIZED_AUTOS = YES;
				GCC_WARN_UNUSED_VARIABLE = YES;
				HEADER_SEARCH_PATHS = /usr/include/libxml2;
				"HEADER_SEARCH_PATHS[arch=*]" = /usr/include/libxml2;
				IPHONEOS_DEPLOYMENT_TARGET = 6.1;
				New_Setting = "";
				OTHER_CFLAGS = "-DNS_BLOCK_ASSERTIONS=1";
				OTHER_LDFLAGS = "-lxml2";
				SDKROOT = iphoneos;
				VALIDATE_PRODUCT = YES;
			};
			name = Release;
		};
		C6D9430E1812B5230069D294 /* Debug */ = {
			isa = XCBuildConfiguration;
			buildSettings = {
				FRAMEWORK_SEARCH_PATHS = (
					"$(inherited)",
					"\"$(SRCROOT)\"",
				);
				GCC_PRECOMPILE_PREFIX_HEADER = YES;
				GCC_PREFIX_HEADER = "PodcastListener/PodcastListener-Prefix.pch";
				INFOPLIST_FILE = "PodcastListener/PodcastListener-Info.plist";
				OTHER_LDFLAGS = (
					"-ObjC",
					"-lxml2",
				);
				PRODUCT_NAME = "$(TARGET_NAME)";
				WRAPPER_EXTENSION = app;
			};
			name = Debug;
		};
		C6D9430F1812B5230069D294 /* Release */ = {
			isa = XCBuildConfiguration;
			buildSettings = {
				FRAMEWORK_SEARCH_PATHS = (
					"$(inherited)",
					"\"$(SRCROOT)\"",
				);
				GCC_PRECOMPILE_PREFIX_HEADER = YES;
				GCC_PREFIX_HEADER = "PodcastListener/PodcastListener-Prefix.pch";
				INFOPLIST_FILE = "PodcastListener/PodcastListener-Info.plist";
				OTHER_LDFLAGS = (
					"-lxml2",
					"-ObjC",
				);
				PRODUCT_NAME = "$(TARGET_NAME)";
				WRAPPER_EXTENSION = app;
			};
			name = Release;
		};
		C6D943111812B5230069D294 /* Debug */ = {
			isa = XCBuildConfiguration;
			buildSettings = {
				BUNDLE_LOADER = "$(BUILT_PRODUCTS_DIR)/PodcastListener.app/PodcastListener";
				FRAMEWORK_SEARCH_PATHS = (
					"\"$(SDKROOT)/Developer/Library/Frameworks\"",
					"\"$(DEVELOPER_LIBRARY_DIR)/Frameworks\"",
				);
				GCC_PRECOMPILE_PREFIX_HEADER = YES;
				GCC_PREFIX_HEADER = "PodcastListener/PodcastListener-Prefix.pch";
				INFOPLIST_FILE = "PodcastListenerTests/PodcastListenerTests-Info.plist";
				PRODUCT_NAME = "$(TARGET_NAME)";
				TEST_HOST = "$(BUNDLE_LOADER)";
				WRAPPER_EXTENSION = octest;
			};
			name = Debug;
		};
		C6D943121812B5230069D294 /* Release */ = {
			isa = XCBuildConfiguration;
			buildSettings = {
				BUNDLE_LOADER = "$(BUILT_PRODUCTS_DIR)/PodcastListener.app/PodcastListener";
				FRAMEWORK_SEARCH_PATHS = (
					"\"$(SDKROOT)/Developer/Library/Frameworks\"",
					"\"$(DEVELOPER_LIBRARY_DIR)/Frameworks\"",
				);
				GCC_PRECOMPILE_PREFIX_HEADER = YES;
				GCC_PREFIX_HEADER = "PodcastListener/PodcastListener-Prefix.pch";
				INFOPLIST_FILE = "PodcastListenerTests/PodcastListenerTests-Info.plist";
				PRODUCT_NAME = "$(TARGET_NAME)";
				TEST_HOST = "$(BUNDLE_LOADER)";
				WRAPPER_EXTENSION = octest;
			};
			name = Release;
		};
/* End XCBuildConfiguration section */

/* Begin XCConfigurationList section */
		C6D942D01812B5230069D294 /* Build configuration list for PBXProject "PodcastListener" */ = {
			isa = XCConfigurationList;
			buildConfigurations = (
				C6D9430B1812B5230069D294 /* Debug */,
				C6D9430C1812B5230069D294 /* Release */,
			);
			defaultConfigurationIsVisible = 0;
			defaultConfigurationName = Release;
		};
		C6D9430D1812B5230069D294 /* Build configuration list for PBXNativeTarget "PodcastListener" */ = {
			isa = XCConfigurationList;
			buildConfigurations = (
				C6D9430E1812B5230069D294 /* Debug */,
				C6D9430F1812B5230069D294 /* Release */,
			);
			defaultConfigurationIsVisible = 0;
			defaultConfigurationName = Release;
		};
		C6D943101812B5230069D294 /* Build configuration list for PBXNativeTarget "PodcastListenerTests" */ = {
			isa = XCConfigurationList;
			buildConfigurations = (
				C6D943111812B5230069D294 /* Debug */,
				C6D943121812B5230069D294 /* Release */,
			);
			defaultConfigurationIsVisible = 0;
			defaultConfigurationName = Release;
		};
/* End XCConfigurationList section */
	};
	rootObject = C6D942CD1812B5230069D294 /* Project object */;
}
